{
  "requires": true,
  "lockfileVersion": 1,
  "dependencies": {
    "vuex-shared-mutations": {
      "version": "1.0.2",
      "resolved": "https://registry.npmjs.org/vuex-shared-mutations/-/vuex-shared-mutations-1.0.2.tgz",
      "integrity": "sha512-tu+rN4DAtZQiRAHLms6OtYdtoK60sKD0CXAP1l+N4lB1rYxJC/cDVGsjXGB/A4p7qIUVb4Mzr8C2Pg1wZlrikA=="
    }
  }
}
